Microsoft Visual Studio Solution File, Format Version 12.00
# Visual Studio Version 17
VisualStudioVersion = 17.4.33122.133
MinimumVisualStudioVersion = 10.0.40219.1
Project("{9A19103F-16F7-4668-BE54-9A1E7A4F7556}") = "Backend", "src\Backend\Backend.csproj", "{F5E7383C-FB95-423D-956C-CA904B0129E8}"
EndProject
Global
	GlobalSection(SolutionConfigurationPlatforms) = preSolution
		Debug|Any CPU = Debug|Any CPU
		Release|Any CPU = Release|Any CPU
	EndGlobalSection
	GlobalSection(ProjectConfigurationPlatforms) = postSolution
		{F5E7383C-FB95-423D-956C-CA904B0129E8}.Debug|Any CPU.ActiveCfg = Debug|Any CPU
		{F5E7383C-FB95-423D-956C-CA904B0129E8}.Debug|Any CPU.Build.0 = Debug|Any CPU
		{F5E7383C-FB95-423D-956C-CA904B0129E8}.Release|Any CPU.ActiveCfg = Release|Any CPU
		{F5E7383C-FB95-423D-956C-CA904B0129E8}.Release|Any CPU.Build.0 = Release|Any CPU
	EndGlobalSection
	GlobalSection(SolutionProperties) = preSolution
		HideSolutionNode = FALSE
	EndGlobalSection
	GlobalSection(ExtensibilityGlobals) = postSolution
		SolutionGuid = {2B6DD9C8-812D-472F-AFEB-A5817374C14D}
	EndGlobalSection
EndGlobal
